
Microsoft Visual Studio Solution File, Format Version 12.00
# Visual Studio 15
VisualStudioVersion = 15.0.27703.2042
MinimumVisualStudioVersion = 10.0.40219.1
Project("{F184B08F-C81C-45F6-A57F-5ABD9991F28F}") = "Nitro", "Nitro\Nitro.vbproj", "{9F4413C7-576D-4518-83F1-ED58235F124E}"
EndProject
Global
	GlobalSection(SolutionConfigurationPlatforms) = preSolution
		Debug|Any CPU = Debug|Any CPU
		Release|Any CPU = Release|Any CPU
	EndGlobalSection
	GlobalSection(ProjectConfigurationPlatforms) = postSolution
		{9F4413C7-576D-4518-83F1-ED58235F124E}.Debug|Any CPU.ActiveCfg = Debug|Any CPU
		{9F4413C7-576D-4518-83F1-ED58235F124E}.Debug|Any CPU.Build.0 = Debug|Any CPU
		{9F4413C7-576D-4518-83F1-ED58235F124E}.Release|Any CPU.ActiveCfg = Release|Any CPU
		{9F4413C7-576D-4518-83F1-ED58235F124E}.Release|Any CPU.Build.0 = Release|Any CPU
	EndGlobalSection
	GlobalSection(SolutionProperties) = preSolution
		HideSolutionNode = FALSE
	EndGlobalSection
	GlobalSection(ExtensibilityGlobals) = postSolution
		SolutionGuid = {1D238D5A-0EAA-4F3C-8C3C-984FE6BCBB6E}
	EndGlobalSection
EndGlobal
